
Microsoft Visual Studio Solution File, Format Version 12.00
# Visual Studio Version 16
VisualStudioVersion = 16.0.31129.286
MinimumVisualStudioVersion = 10.0.40219.1
Project("{9A19103F-16F7-4668-BE54-9A1E7A4F7556}") = "Avanade.Domain", "Avanade.Domain\Avanade.Domain.csproj", "{30E895C9-185F-47A9-8153-001742B06532}"
EndProject
Project("{9A19103F-16F7-4668-BE54-9A1E7A4F7556}") = "Avanade.Shared", "Avanade.Shared\Avanade.Shared.csproj", "{F19A58EB-19FB-49D9-8B2C-DD6C319D4CDB}"
EndProject
Project("{9A19103F-16F7-4668-BE54-9A1E7A4F7556}") = "Avanade.Infra.Data", "Avanade.Infra.Data\Avanade.Infra.Data.csproj", "{3BD18ADE-BD12-4D04-99DD-8F13C5F2CCAF}"
EndProject
Project("{9A19103F-16F7-4668-BE54-9A1E7A4F7556}") = "Avanade.Api", "Avanade.Api\Avanade.Api.csproj", "{B3609A87-551F-4732-87A1-F157B5E42659}"
EndProject
Project("{FAE04EC0-301F-11D3-BF4B-00C04F79EFBC}") = "Avanade.Tests", "Avanade.Tests\Avanade.Tests.csproj", "{15A2488C-7912-437D-8BD1-E7F3B1EADD43}"
EndProject
Global
	GlobalSection(SolutionConfigurationPlatforms) = preSolution
		Debug|Any CPU = Debug|Any CPU
		Release|Any CPU = Release|Any CPU
	EndGlobalSection
	GlobalSection(ProjectConfigurationPlatforms) = postSolution
		{30E895C9-185F-47A9-8153-001742B06532}.Debug|Any CPU.ActiveCfg = Debug|Any CPU
		{30E895C9-185F-47A9-8153-001742B06532}.Debug|Any CPU.Build.0 = Debug|Any CPU
		{30E895C9-185F-47A9-8153-001742B06532}.Release|Any CPU.ActiveCfg = Release|Any CPU
		{30E895C9-185F-47A9-8153-001742B06532}.Release|Any CPU.Build.0 = Release|Any CPU
		{F19A58EB-19FB-49D9-8B2C-DD6C319D4CDB}.Debug|Any CPU.ActiveCfg = Debug|Any CPU
		{F19A58EB-19FB-49D9-8B2C-DD6C319D4CDB}.Debug|Any CPU.Build.0 = Debug|Any CPU
		{F19A58EB-19FB-49D9-8B2C-DD6C319D4CDB}.Release|Any CPU.ActiveCfg = Release|Any CPU
		{F19A58EB-19FB-49D9-8B2C-DD6C319D4CDB}.Release|Any CPU.Build.0 = Release|Any CPU
		{3BD18ADE-BD12-4D04-99DD-8F13C5F2CCAF}.Debug|Any CPU.ActiveCfg = Debug|Any CPU
		{3BD18ADE-BD12-4D04-99DD-8F13C5F2CCAF}.Debug|Any CPU.Build.0 = Debug|Any CPU
		{3BD18ADE-BD12-4D04-99DD-8F13C5F2CCAF}.Release|Any CPU.ActiveCfg = Release|Any CPU
		{3BD18ADE-BD12-4D04-99DD-8F13C5F2CCAF}.Release|Any CPU.Build.0 = Release|Any CPU
		{B3609A87-551F-4732-87A1-F157B5E42659}.Debug|Any CPU.ActiveCfg = Debug|Any CPU
		{B3609A87-551F-4732-87A1-F157B5E42659}.Debug|Any CPU.Build.0 = Debug|Any CPU
		{B3609A87-551F-4732-87A1-F157B5E42659}.Release|Any CPU.ActiveCfg = Release|Any CPU
		{B3609A87-551F-4732-87A1-F157B5E42659}.Release|Any CPU.Build.0 = Release|Any CPU
		{15A2488C-7912-437D-8BD1-E7F3B1EADD43}.Debug|Any CPU.ActiveCfg = Debug|Any CPU
		{15A2488C-7912-437D-8BD1-E7F3B1EADD43}.Debug|Any CPU.Build.0 = Debug|Any CPU
		{15A2488C-7912-437D-8BD1-E7F3B1EADD43}.Release|Any CPU.ActiveCfg = Release|Any CPU
		{15A2488C-7912-437D-8BD1-E7F3B1EADD43}.Release|Any CPU.Build.0 = Release|Any CPU
	EndGlobalSection
	GlobalSection(SolutionProperties) = preSolution
		HideSolutionNode = FALSE
	EndGlobalSection
	GlobalSection(ExtensibilityGlobals) = postSolution
		SolutionGuid = {75A915E9-E19D-44B1-998C-C799B2C23BF2}
	EndGlobalSection
EndGlobal
